
Microsoft Visual Studio Solution File, Format Version 12.00
# Visual Studio Version 16
VisualStudioVersion = 16.0.29728.190
MinimumVisualStudioVersion = 10.0.40219.1
Project("{FAE04EC0-301F-11D3-BF4B-00C04F79EFBC}") = "ExportSupraCore", "ExportSupraCore\ExportSupraCore.csproj", "{489180A9-0D0B-47FE-8A70-C177804CA591}"
EndProject
Global
	GlobalSection(SolutionConfigurationPlatforms) = preSolution
		Debug|Any CPU = Debug|Any CPU
		Release|Any CPU = Release|Any CPU
	EndGlobalSection
	GlobalSection(ProjectConfigurationPlatforms) = postSolution
		{489180A9-0D0B-47FE-8A70-C177804CA591}.Debug|Any CPU.ActiveCfg = Debug|Any CPU
		{489180A9-0D0B-47FE-8A70-C177804CA591}.Debug|Any CPU.Build.0 = Debug|Any CPU
		{489180A9-0D0B-47FE-8A70-C177804CA591}.Release|Any CPU.ActiveCfg = Release|Any CPU
		{489180A9-0D0B-47FE-8A70-C177804CA591}.Release|Any CPU.Build.0 = Release|Any CPU
	EndGlobalSection
	GlobalSection(SolutionProperties) = preSolution
		HideSolutionNode = FALSE
	EndGlobalSection
	GlobalSection(ExtensibilityGlobals) = postSolution
		SolutionGuid = {66D69D78-879D-4CDB-A40A-53B542D73F90}
	EndGlobalSection
EndGlobal
